// !$*UTF8*$!
{
	archiveVersion = 1;
	classes = {
	};
	objectVersion = 77;
	objects = {

/* Begin PBXBuildFile section */
		5620BA552E3D90E700056C83 /* KeychainSwift in Frameworks */ = {isa = PBXBuildFile; productRef = 5620BA542E3D90E700056C83 /* KeychainSwift */; };
		5620BA5C2E3DAC7700056C83 /* CombineMoya in Frameworks */ = {isa = PBXBuildFile; productRef = 5620BA5B2E3DAC7700056C83 /* CombineMoya */; };
		5620BA5E2E3DAC7700056C83 /* Moya in Frameworks */ = {isa = PBXBuildFile; productRef = 5620BA5D2E3DAC7700056C83 /* Moya */; };
		5620BA602E3DAC7700056C83 /* ReactiveMoya in Frameworks */ = {isa = PBXBuildFile; productRef = 5620BA5F2E3DAC7700056C83 /* ReactiveMoya */; };
		5620BA622E3DAC7700056C83 /* RxMoya in Frameworks */ = {isa = PBXBuildFile; productRef = 5620BA612E3DAC7700056C83 /* RxMoya */; };
		5660B2742E419DE100A9C7F5 /* KakaoSDKCommon in Frameworks */ = {isa = PBXBuildFile; productRef = 5660B2732E419DE100A9C7F5 /* KakaoSDKCommon */; };
		5660B2772E41CD5300A9C7F5 /* Kingfisher in Frameworks */ = {isa = PBXBuildFile; productRef = 5660B2762E41CD5300A9C7F5 /* Kingfisher */; };
		566866E92E41D4C300187030 /* KakaoSDKAuth in Frameworks */ = {isa = PBXBuildFile; productRef = 566866E82E41D4C300187030 /* KakaoSDKAuth */; };
		566866EB2E41D4C300187030 /* KakaoSDKUser in Frameworks */ = {isa = PBXBuildFile; productRef = 566866EA2E41D4C300187030 /* KakaoSDKUser */; };
		566866ED2E41D4EC00187030 /* GoogleSignInSwift in Frameworks */ = {isa = PBXBuildFile; productRef = 566866EC2E41D4EC00187030 /* GoogleSignInSwift */; };
		569ACB3C2E419ABC00C4D1A1 /* GoogleSignIn in Frameworks */ = {isa = PBXBuildFile; productRef = 569ACB3B2E419ABC00C4D1A1 /* GoogleSignIn */; };
		CDF990FC2E3B849100446374 /* Moya in Frameworks */ = {isa = PBXBuildFile; productRef = CDF990FB2E3B849100446374 /* Moya */; };
		CDF990FF2E3B865100446374 /* KeychainSwift in Frameworks */ = {isa = PBXBuildFile; productRef = CDF990FE2E3B865100446374 /* KeychainSwift */; };
/* End PBXBuildFile section */

/* Begin PBXFileReference section */
		808ED0FB2E1D9EFF00442DA8 /* weady.app */ = {isa = PBXFileReference; explicitFileType = wrapper.application; includeInIndex = 0; path = weady.app; sourceTree = BUILT_PRODUCTS_DIR; };
		CDF98D1B2E29549500446374 /* weady.xcodeproj */ = {isa = PBXFileReference; lastKnownFileType = "wrapper.pb-project"; path = weady.xcodeproj; sourceTree = "<group>"; };
		CDF98E0D2E3A58E400446374 /* weady.xcodeproj */ = {isa = PBXFileReference; lastKnownFileType = "wrapper.pb-project"; path = weady.xcodeproj; sourceTree = "<group>"; };
		CDF98FE22E3B7B8800446374 /* weady.xcodeproj */ = {isa = PBXFileReference; lastKnownFileType = "wrapper.pb-project"; path = weady.xcodeproj; sourceTree = "<group>"; };
		CDF990B32E3B827200446374 /* weady.xcodeproj */ = {isa = PBXFileReference; lastKnownFileType = "wrapper.pb-project"; path = weady.xcodeproj; sourceTree = "<group>"; };
/* End PBXFileReference section */

/* Begin PBXFileSystemSynchronizedBuildFileExceptionSet section */
		808ED11D2E1E5B8900442DA8 /* Exceptions for "weady" folder in "weady" target */ = {
			isa = PBXFileSystemSynchronizedBuildFileExceptionSet;
			membershipExceptions = (
				Info.plist,
			);
			target = 808ED0FA2E1D9EFF00442DA8 /* weady */;
		};
/* End PBXFileSystemSynchronizedBuildFileExceptionSet section */

/* Begin PBXFileSystemSynchronizedRootGroup section */
		808ED0FD2E1D9EFF00442DA8 /* weady */ = {
			isa = PBXFileSystemSynchronizedRootGroup;
			exceptions = (
				808ED11D2E1E5B8900442DA8 /* Exceptions for "weady" folder in "weady" target */,
			);
			path = weady;
			sourceTree = "<group>";
		};
/* End PBXFileSystemSynchronizedRootGroup section */

/* Begin PBXFrameworksBuildPhase section */
		808ED0F82E1D9EFF00442DA8 /* Frameworks */ = {
			isa = PBXFrameworksBuildPhase;
			buildActionMask = 2147483647;
			files = (
				5620BA622E3DAC7700056C83 /* RxMoya in Frameworks */,
				569ACB3C2E419ABC00C4D1A1 /* GoogleSignIn in Frameworks */,
				5620BA5C2E3DAC7700056C83 /* CombineMoya in Frameworks */,
				5620BA602E3DAC7700056C83 /* ReactiveMoya in Frameworks */,
				5660B2772E41CD5300A9C7F5 /* Kingfisher in Frameworks */,
				566866ED2E41D4EC00187030 /* GoogleSignInSwift in Frameworks */,
				5660B2742E419DE100A9C7F5 /* KakaoSDKCommon in Frameworks */,
				566866E92E41D4C300187030 /* KakaoSDKAuth in Frameworks */,
				5620BA552E3D90E700056C83 /* KeychainSwift in Frameworks */,
				566866EB2E41D4C300187030 /* KakaoSDKUser in Frameworks */,
				5620BA5E2E3DAC7700056C83 /* Moya in Frameworks */,
				CDF990FF2E3B865100446374 /* KeychainSwift in Frameworks */,
				CDF990FC2E3B849100446374 /* Moya in Frameworks */,
			);
			runOnlyForDeploymentPostprocessing = 0;
		};
/* End PBXFrameworksBuildPhase section */

/* Begin PBXGroup section */
		808ED0F22E1D9EFF00442DA8 = {
			isa = PBXGroup;
			children = (
				808ED0FD2E1D9EFF00442DA8 /* weady */,
				808ED0FC2E1D9EFF00442DA8 /* Products */,
			);
			sourceTree = "<group>";
		};
		808ED0FC2E1D9EFF00442DA8 /* Products */ = {
			isa = PBXGroup;
			children = (
				808ED0FB2E1D9EFF00442DA8 /* weady.app */,
			);
			name = Products;
			sourceTree = "<group>";
		};
		CDF98D1D2E29549500446374 /* Products */ = {
			isa = PBXGroup;
			name = Products;
			sourceTree = "<group>";
		};
		CDF98E0F2E3A58E400446374 /* Products */ = {
			isa = PBXGroup;
			name = Products;
			sourceTree = "<group>";
		};
		CDF98FE42E3B7B8800446374 /* Products */ = {
			isa = PBXGroup;
			name = Products;
			sourceTree = "<group>";
		};
		CDF990B52E3B827200446374 /* Products */ = {
			isa = PBXGroup;
			name = Products;
			sourceTree = "<group>";
		};
/* End PBXGroup section */

/* Begin PBXNativeTarget section */
		808ED0FA2E1D9EFF00442DA8 /* weady */ = {
			isa = PBXNativeTarget;
			buildConfigurationList = 808ED1062E1D9F0100442DA8 /* Build configuration list for PBXNativeTarget "weady" */;
			buildPhases = (
				808ED0F72E1D9EFF00442DA8 /* Sources */,
				808ED0F82E1D9EFF00442DA8 /* Frameworks */,
				808ED0F92E1D9EFF00442DA8 /* Resources */,
			);
			buildRules = (
			);
			dependencies = (
			);
			fileSystemSynchronizedGroups = (
				808ED0FD2E1D9EFF00442DA8 /* weady */,
			);
			name = weady;
			packageProductDependencies = (
				5620BA542E3D90E700056C83 /* KeychainSwift */,
				5620BA5B2E3DAC7700056C83 /* CombineMoya */,
				5620BA5D2E3DAC7700056C83 /* Moya */,
				5620BA5F2E3DAC7700056C83 /* ReactiveMoya */,
				5620BA612E3DAC7700056C83 /* RxMoya */,
				CDF990FB2E3B849100446374 /* Moya */,
				CDF990FE2E3B865100446374 /* KeychainSwift */,
				569ACB3B2E419ABC00C4D1A1 /* GoogleSignIn */,
				5660B2732E419DE100A9C7F5 /* KakaoSDKCommon */,
				5660B2762E41CD5300A9C7F5 /* Kingfisher */,
				566866E82E41D4C300187030 /* KakaoSDKAuth */,
				566866EA2E41D4C300187030 /* KakaoSDKUser */,
				566866EC2E41D4EC00187030 /* GoogleSignInSwift */,
			);
			productName = weady;
			productReference = 808ED0FB2E1D9EFF00442DA8 /* weady.app */;
			productType = "com.apple.product-type.application";
		};
/* End PBXNativeTarget section */

/* Begin PBXProject section */
		808ED0F32E1D9EFF00442DA8 /* Project object */ = {
			isa = PBXProject;
			attributes = {
				BuildIndependentTargetsInParallel = 1;
				LastSwiftUpdateCheck = 1640;
				LastUpgradeCheck = 1640;
				TargetAttributes = {
					808ED0FA2E1D9EFF00442DA8 = {
						CreatedOnToolsVersion = 16.4;
					};
				};
			};
			buildConfigurationList = 808ED0F62E1D9EFF00442DA8 /* Build configuration list for PBXProject "weady" */;
			developmentRegion = en;
			hasScannedForEncodings = 0;
			knownRegions = (
				en,
				Base,
			);
			mainGroup = 808ED0F22E1D9EFF00442DA8;
			minimizedProjectReferenceProxies = 1;
			packageReferences = (
				5620BA532E3D90E700056C83 /* XCRemoteSwiftPackageReference "keychain-swift" */,
				5620BA5A2E3DAC7700056C83 /* XCRemoteSwiftPackageReference "Moya" */,
				CDF990FA2E3B849100446374 /* XCRemoteSwiftPackageReference "Moya" */,
				CDF990FD2E3B865100446374 /* XCRemoteSwiftPackageReference "keychain-swift" */,
				569ACB3A2E419ABC00C4D1A1 /* XCRemoteSwiftPackageReference "GoogleSignIn-iOS" */,
				5660B2722E419DE100A9C7F5 /* XCRemoteSwiftPackageReference "kakao-ios-sdk" */,
				5660B2752E41CD5300A9C7F5 /* XCRemoteSwiftPackageReference "Kingfisher" */,
			);
			preferredProjectObjectVersion = 77;
			productRefGroup = 808ED0FC2E1D9EFF00442DA8 /* Products */;
			projectDirPath = "";
			projectReferences = (
				{
					ProductGroup = CDF98FE42E3B7B8800446374 /* Products */;
					ProjectRef = CDF98FE22E3B7B8800446374 /* weady.xcodeproj */;
				},
				{
					ProductGroup = CDF98D1D2E29549500446374 /* Products */;
					ProjectRef = CDF98D1B2E29549500446374 /* weady.xcodeproj */;
				},
				{
					ProductGroup = CDF990B52E3B827200446374 /* Products */;
					ProjectRef = CDF990B32E3B827200446374 /* weady.xcodeproj */;
				},
				{
					ProductGroup = CDF98E0F2E3A58E400446374 /* Products */;
					ProjectRef = CDF98E0D2E3A58E400446374 /* weady.xcodeproj */;
				},
			);
			projectRoot = "";
			targets = (
				808ED0FA2E1D9EFF00442DA8 /* weady */,
			);
		};
/* End PBXProject section */

/* Begin PBXResourcesBuildPhase section */
		808ED0F92E1D9EFF00442DA8 /* Resources */ = {
			isa = PBXResourcesBuildPhase;
			buildActionMask = 2147483647;
			files = (
			);
			runOnlyForDeploymentPostprocessing = 0;
		};
/* End PBXResourcesBuildPhase section */

/* Begin PBXSourcesBuildPhase section */
		808ED0F72E1D9EFF00442DA8 /* Sources */ = {
			isa = PBXSourcesBuildPhase;
			buildActionMask = 2147483647;
			files = (
			);
			runOnlyForDeploymentPostprocessing = 0;
		};
/* End PBXSourcesBuildPhase section */

/* Begin XCBuildConfiguration section */
		808ED1042E1D9F0100442DA8 /* Debug */ = {
			isa = XCBuildConfiguration;
			buildSettings = {
				ALWAYS_SEARCH_USER_PATHS = NO;
				ASSETCATALOG_COMPILER_GENERATE_SWIFT_ASSET_SYMBOL_EXTENSIONS = YES;
				CLANG_ANALYZER_NONNULL = YES;
				CLANG_ANALYZER_NUMBER_OBJECT_CONVERSION = YES_AGGRESSIVE;
				CLANG_CXX_LANGUAGE_STANDARD = "gnu++20";
				CLANG_ENABLE_MODULES = YES;
				CLANG_ENABLE_OBJC_ARC = YES;
				CLANG_ENABLE_OBJC_WEAK = YES;
				CLANG_WARN_BLOCK_CAPTURE_AUTORELEASING = YES;
				CLANG_WARN_BOOL_CONVERSION = YES;
				CLANG_WARN_COMMA = YES;
				CLANG_WARN_CONSTANT_CONVERSION = YES;
				CLANG_WARN_DEPRECATED_OBJC_IMPLEMENTATIONS = YES;
				CLANG_WARN_DIRECT_OBJC_ISA_USAGE = YES_ERROR;
				CLANG_WARN_DOCUMENTATION_COMMENTS = YES;
				CLANG_WARN_EMPTY_BODY = YES;
				CLANG_WARN_ENUM_CONVERSION = YES;
				CLANG_WARN_INFINITE_RECURSION = YES;
				CLANG_WARN_INT_CONVERSION = YES;
				CLANG_WARN_NON_LITERAL_NULL_CONVERSION = YES;
				CLANG_WARN_OBJC_IMPLICIT_RETAIN_SELF = YES;
				CLANG_WARN_OBJC_LITERAL_CONVERSION = YES;
				CLANG_WARN_OBJC_ROOT_CLASS = YES_ERROR;
				CLANG_WARN_QUOTED_INCLUDE_IN_FRAMEWORK_HEADER = YES;
				CLANG_WARN_RANGE_LOOP_ANALYSIS = YES;
				CLANG_WARN_STRICT_PROTOTYPES = YES;
				CLANG_WARN_SUSPICIOUS_MOVE = YES;
				CLANG_WARN_UNGUARDED_AVAILABILITY = YES_AGGRESSIVE;
				CLANG_WARN_UNREACHABLE_CODE = YES;
				CLANG_WARN__DUPLICATE_METHOD_MATCH = YES;
				COPY_PHASE_STRIP = NO;
				DEBUG_INFORMATION_FORMAT = dwarf;
				ENABLE_STRICT_OBJC_MSGSEND = YES;
				ENABLE_TESTABILITY = YES;
				ENABLE_USER_SCRIPT_SANDBOXING = YES;
				GCC_C_LANGUAGE_STANDARD = gnu17;
				GCC_DYNAMIC_NO_PIC = NO;
				GCC_NO_COMMON_BLOCKS = YES;
				GCC_OPTIMIZATION_LEVEL = 0;
				GCC_PREPROCESSOR_DEFINITIONS = (
					"DEBUG=1",
					"$(inherited)",
				);
				GCC_WARN_64_TO_32_BIT_CONVERSION = YES;
				GCC_WARN_ABOUT_RETURN_TYPE = YES_ERROR;
				GCC_WARN_UNDECLARED_SELECTOR = YES;
				GCC_WARN_UNINITIALIZED_AUTOS = YES_AGGRESSIVE;
				GCC_WARN_UNUSED_FUNCTION = YES;
				GCC_WARN_UNUSED_VARIABLE = YES;
				IPHONEOS_DEPLOYMENT_TARGET = 18.5;
				LOCALIZATION_PREFERS_STRING_CATALOGS = YES;
				MTL_ENABLE_DEBUG_INFO = INCLUDE_SOURCE;
				MTL_FAST_MATH = YES;
				ONLY_ACTIVE_ARCH = YES;
				SDKROOT = iphoneos;
				SUPPORTED_DESTINATIONS = "iphoneos ipados macos";
				SWIFT_ACTIVE_COMPILATION_CONDITIONS = "DEBUG $(inherited)";
				SWIFT_OPTIMIZATION_LEVEL = "-Onone";
			};
			name = Debug;
		};
		808ED1052E1D9F0100442DA8 /* Release */ = {
			isa = XCBuildConfiguration;
			buildSettings = {
				ALWAYS_SEARCH_USER_PATHS = NO;
				ASSETCATALOG_COMPILER_GENERATE_SWIFT_ASSET_SYMBOL_EXTENSIONS = YES;
				CLANG_ANALYZER_NONNULL = YES;
				CLANG_ANALYZER_NUMBER_OBJECT_CONVERSION = YES_AGGRESSIVE;
				CLANG_CXX_LANGUAGE_STANDARD = "gnu++20";
				CLANG_ENABLE_MODULES = YES;
				CLANG_ENABLE_OBJC_ARC = YES;
				CLANG_ENABLE_OBJC_WEAK = YES;
				CLANG_WARN_BLOCK_CAPTURE_AUTORELEASING = YES;
				CLANG_WARN_BOOL_CONVERSION = YES;
				CLANG_WARN_COMMA = YES;
				CLANG_WARN_CONSTANT_CONVERSION = YES;
				CLANG_WARN_DEPRECATED_OBJC_IMPLEMENTATIONS = YES;
				CLANG_WARN_DIRECT_OBJC_ISA_USAGE = YES_ERROR;
				CLANG_WARN_DOCUMENTATION_COMMENTS = YES;
				CLANG_WARN_EMPTY_BODY = YES;
				CLANG_WARN_ENUM_CONVERSION = YES;
				CLANG_WARN_INFINITE_RECURSION = YES;
				CLANG_WARN_INT_CONVERSION = YES;
				CLANG_WARN_NON_LITERAL_NULL_CONVERSION = YES;
				CLANG_WARN_OBJC_IMPLICIT_RETAIN_SELF = YES;
				CLANG_WARN_OBJC_LITERAL_CONVERSION = YES;
				CLANG_WARN_OBJC_ROOT_CLASS = YES_ERROR;
				CLANG_WARN_QUOTED_INCLUDE_IN_FRAMEWORK_HEADER = YES;
				CLANG_WARN_RANGE_LOOP_ANALYSIS = YES;
				CLANG_WARN_STRICT_PROTOTYPES = YES;
				CLANG_WARN_SUSPICIOUS_MOVE = YES;
				CLANG_WARN_UNGUARDED_AVAILABILITY = YES_AGGRESSIVE;
				CLANG_WARN_UNREACHABLE_CODE = YES;
				CLANG_WARN__DUPLICATE_METHOD_MATCH = YES;
				COPY_PHASE_STRIP = NO;
				DEBUG_INFORMATION_FORMAT = "dwarf-with-dsym";
				ENABLE_NS_ASSERTIONS = NO;
				ENABLE_STRICT_OBJC_MSGSEND = YES;
				ENABLE_USER_SCRIPT_SANDBOXING = YES;
				GCC_C_LANGUAGE_STANDARD = gnu17;
				GCC_NO_COMMON_BLOCKS = YES;
				GCC_WARN_64_TO_32_BIT_CONVERSION = YES;
				GCC_WARN_ABOUT_RETURN_TYPE = YES_ERROR;
				GCC_WARN_UNDECLARED_SELECTOR = YES;
				GCC_WARN_UNINITIALIZED_AUTOS = YES_AGGRESSIVE;
				GCC_WARN_UNUSED_FUNCTION = YES;
				GCC_WARN_UNUSED_VARIABLE = YES;
				IPHONEOS_DEPLOYMENT_TARGET = 18.5;
				LOCALIZATION_PREFERS_STRING_CATALOGS = YES;
				MTL_ENABLE_DEBUG_INFO = NO;
				MTL_FAST_MATH = YES;
				SDKROOT = iphoneos;
				SUPPORTED_DESTINATIONS = "iphoneos ipados macos";
				SWIFT_COMPILATION_MODE = wholemodule;
				VALIDATE_PRODUCT = YES;
			};
			name = Release;
		};
		808ED1072E1D9F0100442DA8 /* Debug */ = {
			isa = XCBuildConfiguration;
			buildSettings = {
				ASSETCATALOG_COMPILER_APPICON_NAME = AppIcon;
				ASSETCATALOG_COMPILER_GLOBAL_ACCENT_COLOR_NAME = AccentColor;
				CODE_SIGN_STYLE = Automatic;
				CURRENT_PROJECT_VERSION = 1;
				DEVELOPMENT_TEAM = "";
				ENABLE_PREVIEWS = YES;
				GENERATE_INFOPLIST_FILE = YES;
				INFOPLIST_FILE = weady/Info.plist;
				INFOPLIST_KEY_UIApplicationSceneManifest_Generation = YES;
				INFOPLIST_KEY_UIApplicationSupportsIndirectInputEvents = YES;
				INFOPLIST_KEY_UILaunchScreen_Generation = YES;
				INFOPLIST_KEY_UISupportedInterfaceOrientations = UIInterfaceOrientationPortrait;
				INFOPLIST_KEY_UISupportedInterfaceOrientations_iPad = "UIInterfaceOrientationLandscapeLeft UIInterfaceOrientationLandscapeRight UIInterfaceOrientationPortrait UIInterfaceOrientationPortraitUpsideDown";
				INFOPLIST_KEY_UIUserInterfaceStyle = Light;
				IPHONEOS_DEPLOYMENT_TARGET = 17.6;
				LD_RUNPATH_SEARCH_PATHS = (
					"$(inherited)",
					"@executable_path/Frameworks",
				);
				MARKETING_VERSION = 1.0;
				PRODUCT_BUNDLE_IDENTIFIER = com.weady.Weady1;
				PRODUCT_NAME = "$(TARGET_NAME)";
				SUPPORTED_PLATFORMS = "iphoneos iphonesimulator";
				SUPPORTS_MACCATALYST = NO;
				SUPPORTS_MAC_DESIGNED_FOR_IPHONE_IPAD = NO;
				SUPPORTS_XR_DESIGNED_FOR_IPHONE_IPAD = NO;
				SWIFT_EMIT_LOC_STRINGS = YES;
				SWIFT_VERSION = 5.0;
				TARGETED_DEVICE_FAMILY = 1;
			};
			name = Debug;
		};
		808ED1082E1D9F0100442DA8 /* Release */ = {
			isa = XCBuildConfiguration;
			buildSettings = {
				ASSETCATALOG_COMPILER_APPICON_NAME = AppIcon;
				ASSETCATALOG_COMPILER_GLOBAL_ACCENT_COLOR_NAME = AccentColor;
				CODE_SIGN_STYLE = Automatic;
				CURRENT_PROJECT_VERSION = 1;
				DEVELOPMENT_TEAM = "";
				ENABLE_PREVIEWS = YES;
				GENERATE_INFOPLIST_FILE = YES;
				INFOPLIST_FILE = weady/Info.plist;
				INFOPLIST_KEY_UIApplicationSceneManifest_Generation = YES;
				INFOPLIST_KEY_UIApplicationSupportsIndirectInputEvents = YES;
				INFOPLIST_KEY_UILaunchScreen_Generation = YES;
				INFOPLIST_KEY_UISupportedInterfaceOrientations = UIInterfaceOrientationPortrait;
				INFOPLIST_KEY_UISupportedInterfaceOrientations_iPad = "UIInterfaceOrientationLandscapeLeft UIInterfaceOrientationLandscapeRight UIInterfaceOrientationPortrait UIInterfaceOrientationPortraitUpsideDown";
				INFOPLIST_KEY_UIUserInterfaceStyle = Light;
				IPHONEOS_DEPLOYMENT_TARGET = 17.6;
				LD_RUNPATH_SEARCH_PATHS = (
					"$(inherited)",
					"@executable_path/Frameworks",
				);
				MARKETING_VERSION = 1.0;
				PRODUCT_BUNDLE_IDENTIFIER = com.weady.Weady1;
				PRODUCT_NAME = "$(TARGET_NAME)";
				SUPPORTED_PLATFORMS = "iphoneos iphonesimulator";
				SUPPORTS_MACCATALYST = NO;
				SUPPORTS_MAC_DESIGNED_FOR_IPHONE_IPAD = NO;
				SUPPORTS_XR_DESIGNED_FOR_IPHONE_IPAD = NO;
				SWIFT_EMIT_LOC_STRINGS = YES;
				SWIFT_VERSION = 5.0;
				TARGETED_DEVICE_FAMILY = 1;
			};
			name = Release;
		};
/* End XCBuildConfiguration section */

/* Begin XCConfigurationList section */
		808ED0F62E1D9EFF00442DA8 /* Build configuration list for PBXProject "weady" */ = {
			isa = XCConfigurationList;
			buildConfigurations = (
				808ED1042E1D9F0100442DA8 /* Debug */,
				808ED1052E1D9F0100442DA8 /* Release */,
			);
			defaultConfigurationIsVisible = 0;
			defaultConfigurationName = Release;
		};
		808ED1062E1D9F0100442DA8 /* Build configuration list for PBXNativeTarget "weady" */ = {
			isa = XCConfigurationList;
			buildConfigurations = (
				808ED1072E1D9F0100442DA8 /* Debug */,
				808ED1082E1D9F0100442DA8 /* Release */,
			);
			defaultConfigurationIsVisible = 0;
			defaultConfigurationName = Release;
		};
/* End XCConfigurationList section */

/* Begin XCRemoteSwiftPackageReference section */
		5620BA532E3D90E700056C83 /* XCRemoteSwiftPackageReference "keychain-swift" */ = {
			isa = XCRemoteSwiftPackageReference;
			repositoryURL = "https://github.com/evgenyneu/keychain-swift.git";
			requirement = {
				kind = upToNextMajorVersion;
				minimumVersion = 24.0.0;
			};
		};
		5620BA5A2E3DAC7700056C83 /* XCRemoteSwiftPackageReference "Moya" */ = {
			isa = XCRemoteSwiftPackageReference;
			repositoryURL = "https://github.com/Moya/Moya.git";
		};
		5660B2722E419DE100A9C7F5 /* XCRemoteSwiftPackageReference "kakao-ios-sdk" */ = {
			isa = XCRemoteSwiftPackageReference;
			repositoryURL = "https://github.com/kakao/kakao-ios-sdk.git";
			requirement = {
				kind = upToNextMajorVersion;
				minimumVersion = 2.24.6;
			};
		};
		5660B2752E41CD5300A9C7F5 /* XCRemoteSwiftPackageReference "Kingfisher" */ = {
			isa = XCRemoteSwiftPackageReference;
			repositoryURL = "https://github.com/onevcat/Kingfisher.git";
			requirement = {
				kind = upToNextMajorVersion;
				minimumVersion = 8.5.0;
			};
		};
		569ACB3A2E419ABC00C4D1A1 /* XCRemoteSwiftPackageReference "GoogleSignIn-iOS" */ = {
			isa = XCRemoteSwiftPackageReference;
			repositoryURL = "https://github.com/google/GoogleSignIn-iOS.git";
			requirement = {
				kind = upToNextMajorVersion;
				minimumVersion = 9.0.0;
			};
		};

		CDF990FA2E3B849100446374 /* XCRemoteSwiftPackageReference "Moya" */ = {
			isa = XCRemoteSwiftPackageReference;
			repositoryURL = "https://github.com/Moya/Moya";
			requirement = {
				kind = upToNextMajorVersion;
				minimumVersion = 15.0.3;
			};
		};
		CDF990FD2E3B865100446374 /* XCRemoteSwiftPackageReference "keychain-swift" */ = {
			isa = XCRemoteSwiftPackageReference;
			repositoryURL = "https://github.com/evgenyneu/keychain-swift";
			requirement = {
				kind = upToNextMajorVersion;
				minimumVersion = 24.0.0;
			};
		};
/* End XCRemoteSwiftPackageReference section */

/* Begin XCSwiftPackageProductDependency section */
		5620BA542E3D90E700056C83 /* KeychainSwift */ = {
			isa = XCSwiftPackageProductDependency;
			package = 5620BA532E3D90E700056C83 /* XCRemoteSwiftPackageReference "keychain-swift" */;
			productName = KeychainSwift;
		};
		5620BA5B2E3DAC7700056C83 /* CombineMoya */ = {
			isa = XCSwiftPackageProductDependency;
			package = 5620BA5A2E3DAC7700056C83 /* XCRemoteSwiftPackageReference "Moya" */;
			productName = CombineMoya;
		};
		5620BA5D2E3DAC7700056C83 /* Moya */ = {
			isa = XCSwiftPackageProductDependency;
			package = 5620BA5A2E3DAC7700056C83 /* XCRemoteSwiftPackageReference "Moya" */;
			productName = Moya;
		};
		5620BA5F2E3DAC7700056C83 /* ReactiveMoya */ = {
			isa = XCSwiftPackageProductDependency;
			package = 5620BA5A2E3DAC7700056C83 /* XCRemoteSwiftPackageReference "Moya" */;
			productName = ReactiveMoya;
		};
		5620BA612E3DAC7700056C83 /* RxMoya */ = {
			isa = XCSwiftPackageProductDependency;
			package = 5620BA5A2E3DAC7700056C83 /* XCRemoteSwiftPackageReference "Moya" */;
			productName = RxMoya;
		};
		5660B2732E419DE100A9C7F5 /* KakaoSDKCommon */ = {
			isa = XCSwiftPackageProductDependency;
			package = 5660B2722E419DE100A9C7F5 /* XCRemoteSwiftPackageReference "kakao-ios-sdk" */;
			productName = KakaoSDKCommon;
		};
		5660B2762E41CD5300A9C7F5 /* Kingfisher */ = {
			isa = XCSwiftPackageProductDependency;
			package = 5660B2752E41CD5300A9C7F5 /* XCRemoteSwiftPackageReference "Kingfisher" */;
			productName = Kingfisher;
		};
		566866E82E41D4C300187030 /* KakaoSDKAuth */ = {
			isa = XCSwiftPackageProductDependency;
			package = 5660B2722E419DE100A9C7F5 /* XCRemoteSwiftPackageReference "kakao-ios-sdk" */;
			productName = KakaoSDKAuth;
		};
		566866EA2E41D4C300187030 /* KakaoSDKUser */ = {
			isa = XCSwiftPackageProductDependency;
			package = 5660B2722E419DE100A9C7F5 /* XCRemoteSwiftPackageReference "kakao-ios-sdk" */;
			productName = KakaoSDKUser;
		};
		566866EC2E41D4EC00187030 /* GoogleSignInSwift */ = {
			isa = XCSwiftPackageProductDependency;
			package = 569ACB3A2E419ABC00C4D1A1 /* XCRemoteSwiftPackageReference "GoogleSignIn-iOS" */;
			productName = GoogleSignInSwift;
		};
		569ACB3B2E419ABC00C4D1A1 /* GoogleSignIn */ = {
			isa = XCSwiftPackageProductDependency;
			package = 569ACB3A2E419ABC00C4D1A1 /* XCRemoteSwiftPackageReference "GoogleSignIn-iOS" */;
			productName = GoogleSignIn;
		};
		CDF990FB2E3B849100446374 /* Moya */ = {
			isa = XCSwiftPackageProductDependency;
			package = CDF990FA2E3B849100446374 /* XCRemoteSwiftPackageReference "Moya" */;
			productName = Moya;
		};
		CDF990FE2E3B865100446374 /* KeychainSwift */ = {
			isa = XCSwiftPackageProductDependency;
			package = CDF990FD2E3B865100446374 /* XCRemoteSwiftPackageReference "keychain-swift" */;
			productName = KeychainSwift;
		};
/* End XCSwiftPackageProductDependency section */
	};
	rootObject = 808ED0F32E1D9EFF00442DA8 /* Project object */;
}
