// !$*UTF8*$!
{
	archiveVersion = 1;
	classes = {
	};
	objectVersion = 77;
	objects = {

/* Begin PBXBuildFile section */
		808EDAE32E38927700442DA8 /* KeychainSwift in Frameworks */ = {isa = PBXBuildFile; productRef = 808EDAE22E38927700442DA8 /* KeychainSwift */; };
		808EDAEE2E38A3B900442DA8 /* Moya in Frameworks */ = {isa = PBXBuildFile; productRef = 808EDAED2E38A3B900442DA8 /* Moya */; };
		808EDAF92E3925BB00442DA8 /* Alamofire in Frameworks */ = {isa = PBXBuildFile; productRef = 808EDAF82E3925BB00442DA8 /* Alamofire */; };
		808EDAFC2E3A350F00442DA8 /* KakaoSDK in Frameworks */ = {isa = PBXBuildFile; productRef = 808EDAFB2E3A350F00442DA8 /* KakaoSDK */; };
		808EDAFE2E3A350F00442DA8 /* KakaoSDKAuth in Frameworks */ = {isa = PBXBuildFile; productRef = 808EDAFD2E3A350F00442DA8 /* KakaoSDKAuth */; };
		808EDB002E3A350F00442DA8 /* KakaoSDKCert in Frameworks */ = {isa = PBXBuildFile; productRef = 808EDAFF2E3A350F00442DA8 /* KakaoSDKCert */; };
		808EDB022E3A350F00442DA8 /* KakaoSDKCertCore in Frameworks */ = {isa = PBXBuildFile; productRef = 808EDB012E3A350F00442DA8 /* KakaoSDKCertCore */; };
		808EDB042E3A350F00442DA8 /* KakaoSDKCommon in Frameworks */ = {isa = PBXBuildFile; productRef = 808EDB032E3A350F00442DA8 /* KakaoSDKCommon */; };
		808EDCE52E3BCD0100442DA8 /* GoogleSignIn in Frameworks */ = {isa = PBXBuildFile; productRef = 808EDCE42E3BCD0100442DA8 /* GoogleSignIn */; };
		808EDCE72E3BCD0100442DA8 /* GoogleSignInSwift in Frameworks */ = {isa = PBXBuildFile; productRef = 808EDCE62E3BCD0100442DA8 /* GoogleSignInSwift */; };
		808EDD0F2E3DD89900442DA8 /* Kingfisher in Frameworks */ = {isa = PBXBuildFile; productRef = 808EDD0E2E3DD89900442DA8 /* Kingfisher */; };
		808EE6232E46634400442DA8 /* CombineMoya in Frameworks */ = {isa = PBXBuildFile; productRef = 808EE6222E46634400442DA8 /* CombineMoya */; };
/* End PBXBuildFile section */

/* Begin PBXFileReference section */
		808ED0FB2E1D9EFF00442DA8 /* weady.app */ = {isa = PBXFileReference; explicitFileType = wrapper.application; includeInIndex = 0; path = weady.app; sourceTree = BUILT_PRODUCTS_DIR; };
		CD2FA5F02E4A02410052E85F /* weady.xcodeproj */ = {isa = PBXFileReference; lastKnownFileType = "wrapper.pb-project"; path = weady.xcodeproj; sourceTree = "<group>"; };
/* End PBXFileReference section */

/* Begin PBXFileSystemSynchronizedBuildFileExceptionSet section */
		808ED11D2E1E5B8900442DA8 /* Exceptions for "weady" folder in "weady" target */ = {
			isa = PBXFileSystemSynchronizedBuildFileExceptionSet;
			membershipExceptions = (
				Info.plist,
			);
			target = 808ED0FA2E1D9EFF00442DA8 /* weady */;
		};
/* End PBXFileSystemSynchronizedBuildFileExceptionSet section */

/* Begin PBXFileSystemSynchronizedRootGroup section */
		808ED0FD2E1D9EFF00442DA8 /* weady */ = {
			isa = PBXFileSystemSynchronizedRootGroup;
			exceptions = (
				808ED11D2E1E5B8900442DA8 /* Exceptions for "weady" folder in "weady" target */,
			);
			path = weady;
			sourceTree = "<group>";
		};
/* End PBXFileSystemSynchronizedRootGroup section */

/* Begin PBXFrameworksBuildPhase section */
		808ED0F82E1D9EFF00442DA8 /* Frameworks */ = {
			isa = PBXFrameworksBuildPhase;
			buildActionMask = 2147483647;
			files = (
				808EDB042E3A350F00442DA8 /* KakaoSDKCommon in Frameworks */,
				808EDAF92E3925BB00442DA8 /* Alamofire in Frameworks */,
				808EDAFC2E3A350F00442DA8 /* KakaoSDK in Frameworks */,
				808EDAEE2E38A3B900442DA8 /* Moya in Frameworks */,
				808EDB002E3A350F00442DA8 /* KakaoSDKCert in Frameworks */,
				808EDCE72E3BCD0100442DA8 /* GoogleSignInSwift in Frameworks */,
				808EDAE32E38927700442DA8 /* KeychainSwift in Frameworks */,
				808EDAFE2E3A350F00442DA8 /* KakaoSDKAuth in Frameworks */,
				808EE6232E46634400442DA8 /* CombineMoya in Frameworks */,
				808EDD0F2E3DD89900442DA8 /* Kingfisher in Frameworks */,
				808EDB022E3A350F00442DA8 /* KakaoSDKCertCore in Frameworks */,
				808EDCE52E3BCD0100442DA8 /* GoogleSignIn in Frameworks */,
			);
			runOnlyForDeploymentPostprocessing = 0;
		};
/* End PBXFrameworksBuildPhase section */

/* Begin PBXGroup section */
		808ED0F22E1D9EFF00442DA8 = {
			isa = PBXGroup;
			children = (
				808ED0FD2E1D9EFF00442DA8 /* weady */,
				808ED0FC2E1D9EFF00442DA8 /* Products */,
			);
			sourceTree = "<group>";
		};
		808ED0FC2E1D9EFF00442DA8 /* Products */ = {
			isa = PBXGroup;
			children = (
				808ED0FB2E1D9EFF00442DA8 /* weady.app */,
			);
			name = Products;
			sourceTree = "<group>";
		};
		CD2FA5F22E4A02410052E85F /* Products */ = {
			isa = PBXGroup;
			name = Products;
			sourceTree = "<group>";
		};
/* End PBXGroup section */

/* Begin PBXNativeTarget section */
		808ED0FA2E1D9EFF00442DA8 /* weady */ = {
			isa = PBXNativeTarget;
			buildConfigurationList = 808ED1062E1D9F0100442DA8 /* Build configuration list for PBXNativeTarget "weady" */;
			buildPhases = (
				808ED0F72E1D9EFF00442DA8 /* Sources */,
				808ED0F82E1D9EFF00442DA8 /* Frameworks */,
				808ED0F92E1D9EFF00442DA8 /* Resources */,
			);
			buildRules = (
			);
			dependencies = (
			);
			fileSystemSynchronizedGroups = (
				808ED0FD2E1D9EFF00442DA8 /* weady */,
			);
			name = weady;
			packageProductDependencies = (
				808EDAE22E38927700442DA8 /* KeychainSwift */,
				808EDAED2E38A3B900442DA8 /* Moya */,
				808EDAF82E3925BB00442DA8 /* Alamofire */,
				808EDAFB2E3A350F00442DA8 /* KakaoSDK */,
				808EDAFD2E3A350F00442DA8 /* KakaoSDKAuth */,
				808EDAFF2E3A350F00442DA8 /* KakaoSDKCert */,
				808EDB012E3A350F00442DA8 /* KakaoSDKCertCore */,
				808EDB032E3A350F00442DA8 /* KakaoSDKCommon */,
				808EDCE42E3BCD0100442DA8 /* GoogleSignIn */,
				808EDCE62E3BCD0100442DA8 /* GoogleSignInSwift */,
				808EDD0E2E3DD89900442DA8 /* Kingfisher */,
				808EE6222E46634400442DA8 /* CombineMoya */,
			);
			productName = weady;
			productReference = 808ED0FB2E1D9EFF00442DA8 /* weady.app */;
			productType = "com.apple.product-type.application";
		};
/* End PBXNativeTarget section */

/* Begin PBXProject section */
		808ED0F32E1D9EFF00442DA8 /* Project object */ = {
			isa = PBXProject;
			attributes = {
				BuildIndependentTargetsInParallel = 1;
				LastSwiftUpdateCheck = 1640;
				LastUpgradeCheck = 1640;
				TargetAttributes = {
					808ED0FA2E1D9EFF00442DA8 = {
						CreatedOnToolsVersion = 16.4;
					};
				};
			};
			buildConfigurationList = 808ED0F62E1D9EFF00442DA8 /* Build configuration list for PBXProject "weady" */;
			developmentRegion = en;
			hasScannedForEncodings = 0;
			knownRegions = (
				en,
				Base,
			);
			mainGroup = 808ED0F22E1D9EFF00442DA8;
			minimizedProjectReferenceProxies = 1;
			packageReferences = (
				808EDAE12E38927700442DA8 /* XCRemoteSwiftPackageReference "keychain-swift" */,
				808EDAEC2E38A3B900442DA8 /* XCRemoteSwiftPackageReference "Moya" */,
				808EDAF72E3925BB00442DA8 /* XCRemoteSwiftPackageReference "Alamofire" */,
				808EDAFA2E3A350F00442DA8 /* XCRemoteSwiftPackageReference "kakao-ios-sdk" */,
				808EDCE32E3BCD0100442DA8 /* XCRemoteSwiftPackageReference "GoogleSignIn-iOS" */,
				808EDD0D2E3DD89800442DA8 /* XCRemoteSwiftPackageReference "Kingfisher" */,
			);
			preferredProjectObjectVersion = 77;
			productRefGroup = 808ED0FC2E1D9EFF00442DA8 /* Products */;
			projectDirPath = "";
			projectReferences = (
				{
					ProductGroup = CD2FA5F22E4A02410052E85F /* Products */;
					ProjectRef = CD2FA5F02E4A02410052E85F /* weady.xcodeproj */;
				},
			);
			projectRoot = "";
			targets = (
				808ED0FA2E1D9EFF00442DA8 /* weady */,
			);
		};
/* End PBXProject section */

/* Begin PBXResourcesBuildPhase section */
		808ED0F92E1D9EFF00442DA8 /* Resources */ = {
			isa = PBXResourcesBuildPhase;
			buildActionMask = 2147483647;
			files = (
			);
			runOnlyForDeploymentPostprocessing = 0;
		};
/* End PBXResourcesBuildPhase section */

/* Begin PBXSourcesBuildPhase section */
		808ED0F72E1D9EFF00442DA8 /* Sources */ = {
			isa = PBXSourcesBuildPhase;
			buildActionMask = 2147483647;
			files = (
			);
			runOnlyForDeploymentPostprocessing = 0;
		};
/* End PBXSourcesBuildPhase section */

/* Begin XCBuildConfiguration section */
		808ED1042E1D9F0100442DA8 /* Debug */ = {
			isa = XCBuildConfiguration;
			buildSettings = {
				ALWAYS_SEARCH_USER_PATHS = NO;
				ASSETCATALOG_COMPILER_GENERATE_SWIFT_ASSET_SYMBOL_EXTENSIONS = YES;
				CLANG_ANALYZER_NONNULL = YES;
				CLANG_ANALYZER_NUMBER_OBJECT_CONVERSION = YES_AGGRESSIVE;
				CLANG_CXX_LANGUAGE_STANDARD = "gnu++20";
				CLANG_ENABLE_MODULES = YES;
				CLANG_ENABLE_OBJC_ARC = YES;
				CLANG_ENABLE_OBJC_WEAK = YES;
				CLANG_WARN_BLOCK_CAPTURE_AUTORELEASING = YES;
				CLANG_WARN_BOOL_CONVERSION = YES;
				CLANG_WARN_COMMA = YES;
				CLANG_WARN_CONSTANT_CONVERSION = YES;
				CLANG_WARN_DEPRECATED_OBJC_IMPLEMENTATIONS = YES;
				CLANG_WARN_DIRECT_OBJC_ISA_USAGE = YES_ERROR;
				CLANG_WARN_DOCUMENTATION_COMMENTS = YES;
				CLANG_WARN_EMPTY_BODY = YES;
				CLANG_WARN_ENUM_CONVERSION = YES;
				CLANG_WARN_INFINITE_RECURSION = YES;
				CLANG_WARN_INT_CONVERSION = YES;
				CLANG_WARN_NON_LITERAL_NULL_CONVERSION = YES;
				CLANG_WARN_OBJC_IMPLICIT_RETAIN_SELF = YES;
				CLANG_WARN_OBJC_LITERAL_CONVERSION = YES;
				CLANG_WARN_OBJC_ROOT_CLASS = YES_ERROR;
				CLANG_WARN_QUOTED_INCLUDE_IN_FRAMEWORK_HEADER = YES;
				CLANG_WARN_RANGE_LOOP_ANALYSIS = YES;
				CLANG_WARN_STRICT_PROTOTYPES = YES;
				CLANG_WARN_SUSPICIOUS_MOVE = YES;
				CLANG_WARN_UNGUARDED_AVAILABILITY = YES_AGGRESSIVE;
				CLANG_WARN_UNREACHABLE_CODE = YES;
				CLANG_WARN__DUPLICATE_METHOD_MATCH = YES;
				COPY_PHASE_STRIP = NO;
				DEBUG_INFORMATION_FORMAT = dwarf;
				ENABLE_STRICT_OBJC_MSGSEND = YES;
				ENABLE_TESTABILITY = YES;
				ENABLE_USER_SCRIPT_SANDBOXING = YES;
				GCC_C_LANGUAGE_STANDARD = gnu17;
				GCC_DYNAMIC_NO_PIC = NO;
				GCC_NO_COMMON_BLOCKS = YES;
				GCC_OPTIMIZATION_LEVEL = 0;
				GCC_PREPROCESSOR_DEFINITIONS = (
					"DEBUG=1",
					"$(inherited)",
				);
				GCC_WARN_64_TO_32_BIT_CONVERSION = YES;
				GCC_WARN_ABOUT_RETURN_TYPE = YES_ERROR;
				GCC_WARN_UNDECLARED_SELECTOR = YES;
				GCC_WARN_UNINITIALIZED_AUTOS = YES_AGGRESSIVE;
				GCC_WARN_UNUSED_FUNCTION = YES;
				GCC_WARN_UNUSED_VARIABLE = YES;
				IPHONEOS_DEPLOYMENT_TARGET = 18.5;
				LOCALIZATION_PREFERS_STRING_CATALOGS = YES;
				MTL_ENABLE_DEBUG_INFO = INCLUDE_SOURCE;
				MTL_FAST_MATH = YES;
				ONLY_ACTIVE_ARCH = YES;
				SDKROOT = iphoneos;
				SWIFT_ACTIVE_COMPILATION_CONDITIONS = "DEBUG $(inherited)";
				SWIFT_OPTIMIZATION_LEVEL = "-Onone";
			};
			name = Debug;
		};
		808ED1052E1D9F0100442DA8 /* Release */ = {
			isa = XCBuildConfiguration;
			buildSettings = {
				ALWAYS_SEARCH_USER_PATHS = NO;
				ASSETCATALOG_COMPILER_GENERATE_SWIFT_ASSET_SYMBOL_EXTENSIONS = YES;
				CLANG_ANALYZER_NONNULL = YES;
				CLANG_ANALYZER_NUMBER_OBJECT_CONVERSION = YES_AGGRESSIVE;
				CLANG_CXX_LANGUAGE_STANDARD = "gnu++20";
				CLANG_ENABLE_MODULES = YES;
				CLANG_ENABLE_OBJC_ARC = YES;
				CLANG_ENABLE_OBJC_WEAK = YES;
				CLANG_WARN_BLOCK_CAPTURE_AUTORELEASING = YES;
				CLANG_WARN_BOOL_CONVERSION = YES;
				CLANG_WARN_COMMA = YES;
				CLANG_WARN_CONSTANT_CONVERSION = YES;
				CLANG_WARN_DEPRECATED_OBJC_IMPLEMENTATIONS = YES;
				CLANG_WARN_DIRECT_OBJC_ISA_USAGE = YES_ERROR;
				CLANG_WARN_DOCUMENTATION_COMMENTS = YES;
				CLANG_WARN_EMPTY_BODY = YES;
				CLANG_WARN_ENUM_CONVERSION = YES;
				CLANG_WARN_INFINITE_RECURSION = YES;
				CLANG_WARN_INT_CONVERSION = YES;
				CLANG_WARN_NON_LITERAL_NULL_CONVERSION = YES;
				CLANG_WARN_OBJC_IMPLICIT_RETAIN_SELF = YES;
				CLANG_WARN_OBJC_LITERAL_CONVERSION = YES;
				CLANG_WARN_OBJC_ROOT_CLASS = YES_ERROR;
				CLANG_WARN_QUOTED_INCLUDE_IN_FRAMEWORK_HEADER = YES;
				CLANG_WARN_RANGE_LOOP_ANALYSIS = YES;
				CLANG_WARN_STRICT_PROTOTYPES = YES;
				CLANG_WARN_SUSPICIOUS_MOVE = YES;
				CLANG_WARN_UNGUARDED_AVAILABILITY = YES_AGGRESSIVE;
				CLANG_WARN_UNREACHABLE_CODE = YES;
				CLANG_WARN__DUPLICATE_METHOD_MATCH = YES;
				COPY_PHASE_STRIP = NO;
				DEBUG_INFORMATION_FORMAT = "dwarf-with-dsym";
				ENABLE_NS_ASSERTIONS = NO;
				ENABLE_STRICT_OBJC_MSGSEND = YES;
				ENABLE_USER_SCRIPT_SANDBOXING = YES;
				GCC_C_LANGUAGE_STANDARD = gnu17;
				GCC_NO_COMMON_BLOCKS = YES;
				GCC_WARN_64_TO_32_BIT_CONVERSION = YES;
				GCC_WARN_ABOUT_RETURN_TYPE = YES_ERROR;
				GCC_WARN_UNDECLARED_SELECTOR = YES;
				GCC_WARN_UNINITIALIZED_AUTOS = YES_AGGRESSIVE;
				GCC_WARN_UNUSED_FUNCTION = YES;
				GCC_WARN_UNUSED_VARIABLE = YES;
				IPHONEOS_DEPLOYMENT_TARGET = 18.5;
				LOCALIZATION_PREFERS_STRING_CATALOGS = YES;
				MTL_ENABLE_DEBUG_INFO = NO;
				MTL_FAST_MATH = YES;
				SDKROOT = iphoneos;
				SWIFT_COMPILATION_MODE = wholemodule;
				VALIDATE_PRODUCT = YES;
			};
			name = Release;
		};
		808ED1072E1D9F0100442DA8 /* Debug */ = {
			isa = XCBuildConfiguration;
			buildSettings = {
				ASSETCATALOG_COMPILER_APPICON_NAME = AppIcon;
				ASSETCATALOG_COMPILER_GLOBAL_ACCENT_COLOR_NAME = AccentColor;
				CODE_SIGN_IDENTITY = "Apple Development";
				CODE_SIGN_STYLE = Automatic;
				CURRENT_PROJECT_VERSION = 1;
				DEVELOPMENT_TEAM = 9AAC2XL5U2;
				ENABLE_PREVIEWS = YES;
				GENERATE_INFOPLIST_FILE = YES;
				INFOPLIST_FILE = weady/Info.plist;
				INFOPLIST_KEY_LSApplicationCategoryType = "";
				INFOPLIST_KEY_UIApplicationSceneManifest_Generation = YES;
				INFOPLIST_KEY_UIApplicationSupportsIndirectInputEvents = YES;
				INFOPLIST_KEY_UILaunchScreen_Generation = YES;
				INFOPLIST_KEY_UISupportedInterfaceOrientations_iPad = "UIInterfaceOrientationPortrait UIInterfaceOrientationPortraitUpsideDown UIInterfaceOrientationLandscapeLeft UIInterfaceOrientationLandscapeRight";
				INFOPLIST_KEY_UISupportedInterfaceOrientations_iPhone = "UIInterfaceOrientationPortrait UIInterfaceOrientationLandscapeLeft UIInterfaceOrientationLandscapeRight";
				IPHONEOS_DEPLOYMENT_TARGET = 18.3;
				LD_RUNPATH_SEARCH_PATHS = (
					"$(inherited)",
					"@executable_path/Frameworks",
				);
				MARKETING_VERSION = 1.0;
				PRODUCT_BUNDLE_IDENTIFIER = com.weady.Weady;
				PRODUCT_NAME = "$(TARGET_NAME)";
				PROVISIONING_PROFILE_SPECIFIER = "";
				SUPPORTED_PLATFORMS = "iphoneos iphonesimulator";
				SUPPORTS_MACCATALYST = NO;
				SUPPORTS_MAC_DESIGNED_FOR_IPHONE_IPAD = NO;
				SUPPORTS_XR_DESIGNED_FOR_IPHONE_IPAD = NO;
				SWIFT_EMIT_LOC_STRINGS = YES;
				SWIFT_VERSION = 5.0;
				TARGETED_DEVICE_FAMILY = "1,2";
			};
			name = Debug;
		};
		808ED1082E1D9F0100442DA8 /* Release */ = {
			isa = XCBuildConfiguration;
			buildSettings = {
				ASSETCATALOG_COMPILER_APPICON_NAME = AppIcon;
				ASSETCATALOG_COMPILER_GLOBAL_ACCENT_COLOR_NAME = AccentColor;
				CODE_SIGN_IDENTITY = "Apple Development";
				CODE_SIGN_STYLE = Automatic;
				CURRENT_PROJECT_VERSION = 1;
				DEVELOPMENT_TEAM = 9AAC2XL5U2;
				ENABLE_PREVIEWS = YES;
				GENERATE_INFOPLIST_FILE = YES;
				INFOPLIST_FILE = weady/Info.plist;
				INFOPLIST_KEY_LSApplicationCategoryType = "";
				INFOPLIST_KEY_UIApplicationSceneManifest_Generation = YES;
				INFOPLIST_KEY_UIApplicationSupportsIndirectInputEvents = YES;
				INFOPLIST_KEY_UILaunchScreen_Generation = YES;
				INFOPLIST_KEY_UISupportedInterfaceOrientations_iPad = "UIInterfaceOrientationPortrait UIInterfaceOrientationPortraitUpsideDown UIInterfaceOrientationLandscapeLeft UIInterfaceOrientationLandscapeRight";
				INFOPLIST_KEY_UISupportedInterfaceOrientations_iPhone = "UIInterfaceOrientationPortrait UIInterfaceOrientationLandscapeLeft UIInterfaceOrientationLandscapeRight";
				IPHONEOS_DEPLOYMENT_TARGET = 18.3;
				LD_RUNPATH_SEARCH_PATHS = (
					"$(inherited)",
					"@executable_path/Frameworks",
				);
				MARKETING_VERSION = 1.0;
				PRODUCT_BUNDLE_IDENTIFIER = com.weady.Weady;
				PRODUCT_NAME = "$(TARGET_NAME)";
				PROVISIONING_PROFILE_SPECIFIER = "";
				SUPPORTED_PLATFORMS = "iphoneos iphonesimulator";
				SUPPORTS_MACCATALYST = NO;
				SUPPORTS_MAC_DESIGNED_FOR_IPHONE_IPAD = NO;
				SUPPORTS_XR_DESIGNED_FOR_IPHONE_IPAD = NO;
				SWIFT_EMIT_LOC_STRINGS = YES;
				SWIFT_VERSION = 5.0;
				TARGETED_DEVICE_FAMILY = "1,2";
			};
			name = Release;
		};
/* End XCBuildConfiguration section */

/* Begin XCConfigurationList section */
		808ED0F62E1D9EFF00442DA8 /* Build configuration list for PBXProject "weady" */ = {
			isa = XCConfigurationList;
			buildConfigurations = (
				808ED1042E1D9F0100442DA8 /* Debug */,
				808ED1052E1D9F0100442DA8 /* Release */,
			);
			defaultConfigurationIsVisible = 0;
			defaultConfigurationName = Release;
		};
		808ED1062E1D9F0100442DA8 /* Build configuration list for PBXNativeTarget "weady" */ = {
			isa = XCConfigurationList;
			buildConfigurations = (
				808ED1072E1D9F0100442DA8 /* Debug */,
				808ED1082E1D9F0100442DA8 /* Release */,
			);
			defaultConfigurationIsVisible = 0;
			defaultConfigurationName = Release;
		};
/* End XCConfigurationList section */

/* Begin XCRemoteSwiftPackageReference section */
		808EDAE12E38927700442DA8 /* XCRemoteSwiftPackageReference "keychain-swift" */ = {
			isa = XCRemoteSwiftPackageReference;
			repositoryURL = "https://github.com/evgenyneu/keychain-swift";
			requirement = {
				kind = upToNextMajorVersion;
				minimumVersion = 24.0.0;
			};
		};
		808EDAEC2E38A3B900442DA8 /* XCRemoteSwiftPackageReference "Moya" */ = {
			isa = XCRemoteSwiftPackageReference;
			repositoryURL = "https://github.com/Moya/Moya";
			requirement = {
				kind = upToNextMajorVersion;
				minimumVersion = 15.0.3;
			};
		};
		808EDAF72E3925BB00442DA8 /* XCRemoteSwiftPackageReference "Alamofire" */ = {
			isa = XCRemoteSwiftPackageReference;
			repositoryURL = "https://github.com/Alamofire/Alamofire";
			requirement = {
				kind = upToNextMajorVersion;
				minimumVersion = 5.10.2;
			};
		};
		808EDAFA2E3A350F00442DA8 /* XCRemoteSwiftPackageReference "kakao-ios-sdk" */ = {
			isa = XCRemoteSwiftPackageReference;
			repositoryURL = "https://github.com/kakao/kakao-ios-sdk";
			requirement = {
				kind = upToNextMajorVersion;
				minimumVersion = 2.24.6;
			};
		};
		808EDCE32E3BCD0100442DA8 /* XCRemoteSwiftPackageReference "GoogleSignIn-iOS" */ = {
			isa = XCRemoteSwiftPackageReference;
			repositoryURL = "https://github.com/google/GoogleSignIn-iOS";
			requirement = {
				kind = upToNextMajorVersion;
				minimumVersion = 9.0.0;
			};
		};
		808EDD0D2E3DD89800442DA8 /* XCRemoteSwiftPackageReference "Kingfisher" */ = {
			isa = XCRemoteSwiftPackageReference;
			repositoryURL = "https://github.com/onevcat/Kingfisher";
			requirement = {
				kind = upToNextMajorVersion;
				minimumVersion = 8.5.0;
			};
		};
/* End XCRemoteSwiftPackageReference section */

/* Begin XCSwiftPackageProductDependency section */
		808EDAE22E38927700442DA8 /* KeychainSwift */ = {
			isa = XCSwiftPackageProductDependency;
			package = 808EDAE12E38927700442DA8 /* XCRemoteSwiftPackageReference "keychain-swift" */;
			productName = KeychainSwift;
		};
		808EDAED2E38A3B900442DA8 /* Moya */ = {
			isa = XCSwiftPackageProductDependency;
			package = 808EDAEC2E38A3B900442DA8 /* XCRemoteSwiftPackageReference "Moya" */;
			productName = Moya;
		};
		808EDAF82E3925BB00442DA8 /* Alamofire */ = {
			isa = XCSwiftPackageProductDependency;
			package = 808EDAF72E3925BB00442DA8 /* XCRemoteSwiftPackageReference "Alamofire" */;
			productName = Alamofire;
		};
		808EDAFB2E3A350F00442DA8 /* KakaoSDK */ = {
			isa = XCSwiftPackageProductDependency;
			package = 808EDAFA2E3A350F00442DA8 /* XCRemoteSwiftPackageReference "kakao-ios-sdk" */;
			productName = KakaoSDK;
		};
		808EDAFD2E3A350F00442DA8 /* KakaoSDKAuth */ = {
			isa = XCSwiftPackageProductDependency;
			package = 808EDAFA2E3A350F00442DA8 /* XCRemoteSwiftPackageReference "kakao-ios-sdk" */;
			productName = KakaoSDKAuth;
		};
		808EDAFF2E3A350F00442DA8 /* KakaoSDKCert */ = {
			isa = XCSwiftPackageProductDependency;
			package = 808EDAFA2E3A350F00442DA8 /* XCRemoteSwiftPackageReference "kakao-ios-sdk" */;
			productName = KakaoSDKCert;
		};
		808EDB012E3A350F00442DA8 /* KakaoSDKCertCore */ = {
			isa = XCSwiftPackageProductDependency;
			package = 808EDAFA2E3A350F00442DA8 /* XCRemoteSwiftPackageReference "kakao-ios-sdk" */;
			productName = KakaoSDKCertCore;
		};
		808EDB032E3A350F00442DA8 /* KakaoSDKCommon */ = {
			isa = XCSwiftPackageProductDependency;
			package = 808EDAFA2E3A350F00442DA8 /* XCRemoteSwiftPackageReference "kakao-ios-sdk" */;
			productName = KakaoSDKCommon;
		};
		808EDCE42E3BCD0100442DA8 /* GoogleSignIn */ = {
			isa = XCSwiftPackageProductDependency;
			package = 808EDCE32E3BCD0100442DA8 /* XCRemoteSwiftPackageReference "GoogleSignIn-iOS" */;
			productName = GoogleSignIn;
		};
		808EDCE62E3BCD0100442DA8 /* GoogleSignInSwift */ = {
			isa = XCSwiftPackageProductDependency;
			package = 808EDCE32E3BCD0100442DA8 /* XCRemoteSwiftPackageReference "GoogleSignIn-iOS" */;
			productName = GoogleSignInSwift;
		};
		808EDD0E2E3DD89900442DA8 /* Kingfisher */ = {
			isa = XCSwiftPackageProductDependency;
			package = 808EDD0D2E3DD89800442DA8 /* XCRemoteSwiftPackageReference "Kingfisher" */;
			productName = Kingfisher;
		};
		808EE6222E46634400442DA8 /* CombineMoya */ = {
			isa = XCSwiftPackageProductDependency;
			package = 808EDAEC2E38A3B900442DA8 /* XCRemoteSwiftPackageReference "Moya" */;
			productName = CombineMoya;
		};
/* End XCSwiftPackageProductDependency section */
	};
	rootObject = 808ED0F32E1D9EFF00442DA8 /* Project object */;
}
